
Microsoft Visual Studio Solution File, Format Version 12.00
# Visual Studio Version 17
VisualStudioVersion = 17.7.34003.232
MinimumVisualStudioVersion = 10.0.40219.1
Project("{9A19103F-16F7-4668-BE54-9A1E7A4F7556}") = "MusicApi", "MusicApi.csproj", "{2FB50E0B-CA2B-4C65-8070-7DA5341F74C2}"
EndProject
Global
	GlobalSection(SolutionConfigurationPlatforms) = preSolution
		Debug|Any CPU = Debug|Any CPU
		Release|Any CPU = Release|Any CPU
	EndGlobalSection
	GlobalSection(ProjectConfigurationPlatforms) = postSolution
		{2FB50E0B-CA2B-4C65-8070-7DA5341F74C2}.Debug|Any CPU.ActiveCfg = Debug|Any CPU
		{2FB50E0B-CA2B-4C65-8070-7DA5341F74C2}.Debug|Any CPU.Build.0 = Debug|Any CPU
		{2FB50E0B-CA2B-4C65-8070-7DA5341F74C2}.Release|Any CPU.ActiveCfg = Release|Any CPU
		{2FB50E0B-CA2B-4C65-8070-7DA5341F74C2}.Release|Any CPU.Build.0 = Release|Any CPU
	EndGlobalSection
	GlobalSection(SolutionProperties) = preSolution
		HideSolutionNode = FALSE
	EndGlobalSection
	GlobalSection(ExtensibilityGlobals) = postSolution
		SolutionGuid = {E85A6C18-5858-42FF-9191-BDF80F1B1AC1}
	EndGlobalSection
EndGlobal
